
Microsoft Visual Studio Solution File, Format Version 12.00
# Visual Studio Version 17
VisualStudioVersion = 17.11.35327.3
MinimumVisualStudioVersion = 10.0.40219.1
Project("{FAE04EC0-301F-11D3-BF4B-00C04F79EFBC}") = "StpFoodBlazor", "StpFoodBlazor\StpFoodBlazor\StpFoodBlazor.csproj", "{7F94FD23-B768-496A-8128-212CA339A3CF}"
EndProject
Project("{FAE04EC0-301F-11D3-BF4B-00C04F79EFBC}") = "StpFoodBlazor.Client", "StpFoodBlazor\StpFoodBlazor.Client\StpFoodBlazor.Client.csproj", "{4AE3A97E-7466-4FA0-B673-32DDBDA72028}"
EndProject
Global
	GlobalSection(SolutionConfigurationPlatforms) = preSolution
		Debug|Any CPU = Debug|Any CPU
		Release|Any CPU = Release|Any CPU
	EndGlobalSection
	GlobalSection(ProjectConfigurationPlatforms) = postSolution
		{7F94FD23-B768-496A-8128-212CA339A3CF}.Debug|Any CPU.ActiveCfg = Debug|Any CPU
		{7F94FD23-B768-496A-8128-212CA339A3CF}.Debug|Any CPU.Build.0 = Debug|Any CPU
		{7F94FD23-B768-496A-8128-212CA339A3CF}.Release|Any CPU.ActiveCfg = Release|Any CPU
		{7F94FD23-B768-496A-8128-212CA339A3CF}.Release|Any CPU.Build.0 = Release|Any CPU
		{4AE3A97E-7466-4FA0-B673-32DDBDA72028}.Debug|Any CPU.ActiveCfg = Debug|Any CPU
		{4AE3A97E-7466-4FA0-B673-32DDBDA72028}.Debug|Any CPU.Build.0 = Debug|Any CPU
		{4AE3A97E-7466-4FA0-B673-32DDBDA72028}.Release|Any CPU.ActiveCfg = Release|Any CPU
		{4AE3A97E-7466-4FA0-B673-32DDBDA72028}.Release|Any CPU.Build.0 = Release|Any CPU
	EndGlobalSection
	GlobalSection(SolutionProperties) = preSolution
		HideSolutionNode = FALSE
	EndGlobalSection
	GlobalSection(ExtensibilityGlobals) = postSolution
		SolutionGuid = {50D293FD-58CD-47E2-898E-F9459EE7019F}
	EndGlobalSection
EndGlobal
